{
  "name": "clean-project",
  "version": "1.0.0",
  "lockfileVersion": 3,
  "packages": {
    "": {
      "name": "clean-project",
      "version": "1.0.0",
      "dependencies": {
        "@solana/kit": "^2.0.0",
        "react": "^19.0.0"
      }
    },
    "node_modules/@solana/kit": {
      "version": "2.1.0"
    },
    "node_modules/react": {
      "version": "19.0.0"
    }
  }
}
