{
  "name": "v1-deep-project",
  "version": "1.0.0",
  "lockfileVersion": 3,
  "packages": {
    "": {
      "name": "v1-deep-project",
      "version": "1.0.0",
      "dependencies": {
        "@metaplex-foundation/js": "^0.20.0"
      }
    },
    "node_modules/@metaplex-foundation/js": {
      "version": "0.20.1",
      "dependencies": {
        "@solana/web3.js": "^1.68.0",
        "@solana/spl-token": "^0.3.0",
        "@metaplex-foundation/mpl-token-metadata": "^2.5.0"
      }
    },
    "node_modules/@metaplex-foundation/mpl-token-metadata": {
      "version": "2.5.2",
      "dependencies": {
        "@solana/web3.js": "^1.68.0"
      }
    },
    "node_modules/@solana/web3.js": {
      "version": "1.95.8",
      "dependencies": {
        "bigint-buffer": "^1.1.5"
      }
    },
    "node_modules/@solana/spl-token": {
      "version": "0.3.11",
      "dependencies": {
        "@solana/web3.js": "^1.68.0",
        "@solana/buffer-layout-utils": "^0.2.0"
      }
    },
    "node_modules/@solana/buffer-layout-utils": {
      "version": "0.2.0",
      "dependencies": {
        "bigint-buffer": "^1.1.5"
      }
    },
    "node_modules/bigint-buffer": {
      "version": "1.1.5"
    }
  }
}
